version = 1
revision = 2
requires-python = ">=3.11"

[[package]]
name = "beautifulsoup4"
version = "4.13.5"
source = { registry = "https://pypi.org/simple" }
dependencies = [
    { name = "soupsieve" },
    { name = "typing-extensions" },
]
sdist = { url = "https://files.pythonhosted.org/packages/85/2e/3e5079847e653b1f6dc647aa24549d68c6addb4c595cc0d902d1b19308ad/beautifulsoup4-4.13.5.tar.gz", hash = "sha256:5e70131382930e7c3de33450a2f54a63d5e4b19386eab43a5b34d594268f3695", size = 622954, upload-time = "2025-08-24T14:06:13.168Z" }
wheels = [
    { url = "https://files.pythonhosted.org/packages/04/eb/f4151e0c7377a6e08a38108609ba5cede57986802757848688aeedd1b9e8/beautifulsoup4-4.13.5-py3-none-any.whl", hash = "sha256:642085eaa22233aceadff9c69651bc51e8bf3f874fb6d7104ece2beb24b47c4a", size = 105113, upload-time = "2025-08-24T14:06:14.884Z" },
]

[[package]]
name = "bs4"
version = "0.0.2"
source = { registry = "https://pypi.org/simple" }
dependencies = [
    { name = "beautifulsoup4" },
]
sdist = { url = "https://files.pythonhosted.org/packages/c9/aa/4acaf814ff901145da37332e05bb510452ebed97bc9602695059dd46ef39/bs4-0.0.2.tar.gz", hash = "sha256:a48685c58f50fe127722417bae83fe6badf500d54b55f7e39ffe43b798653925", size = 698, upload-time = "2024-01-17T18:15:47.371Z" }
wheels = [
    { url = "https://files.pythonhosted.org/packages/51/bb/bf7aab772a159614954d84aa832c129624ba6c32faa559dfb200a534e50b/bs4-0.0.2-py2.py3-none-any.whl", hash = "sha256:abf8742c0805ef7f662dce4b51cca104cffe52b835238afc169142ab9b3fbccc", size = 1189, upload-time = "2024-01-17T18:15:48.613Z" },
]

[[package]]
name = "dotenv"
version = "0.9.9"
source = { registry = "https://pypi.org/simple" }
dependencies = [
    { name = "python-dotenv" },
]
wheels = [
    { url = "https://files.pythonhosted.org/packages/b2/b7/545d2c10c1fc15e48653c91efde329a790f2eecfbbf2bd16003b5db2bab0/dotenv-0.9.9-py2.py3-none-any.whl", hash = "sha256:29cf74a087b31dafdb5a446b6d7e11cbce8ed2741540e2339c69fbef92c94ce9", size = 1892, upload-time = "2025-02-19T22:15:01.647Z" },
]

[[package]]
name = "libzim"
version = "3.7.0"
source = { registry = "https://pypi.org/simple" }
sdist = { url = "https://files.pythonhosted.org/packages/c7/ff/85409ef5f712497b268af6bb2854daf29ffbc2a4f5bfe2267add49cc7df0/libzim-3.7.0.tar.gz", hash = "sha256:894c9d74a0430884bf62bd67d97603135626d27570c634b73d09a7187a0ae1c6", size = 58067, upload-time = "2025-04-18T12:46:32.161Z" }
wheels = [
    { url = "https://files.pythonhosted.org/packages/f4/a3/5c7b78b7ea436905e5f445d51d1bccc36e78a9318174accc967378bf571b/libzim-3.7.0-cp311-cp311-macosx_13_0_arm64.whl", hash = "sha256:f117eecef5e59da20b3a95cf11e8c15243978df887fd6d799363f959f46e6eba", size = 6132484, upload-time = "2025-04-18T12:45:35.815Z" },
    { url = "https://files.pythonhosted.org/packages/78/6d/55619344a9ee9f0fb8472d544cbd578805d87c858de668099be5c9a52262/libzim-3.7.0-cp311-cp311-macosx_13_0_x86_64.whl", hash = "sha256:67d1c74dff92452549a62fe88d4b51a45c694eed53d341dc7e25f7246fbcc6ad", size = 6392106, upload-time = "2025-04-18T12:45:37.467Z" },
    { url = "https://files.pythonhosted.org/packages/01/15/954fca9e41a7b32f535cb841412a79386de66a4081d1f879f1edad7dcdb8/libzim-3.7.0-cp311-cp311-manylinux_2_24_aarch64.manylinux_2_28_aarch64.whl", hash = "sha256:2b9b557e44490c13658ad2ff3865af08adc8bdc1a36b9137ff08b6bb9ad09118", size = 8197736, upload-time = "2025-04-18T12:45:38.989Z" },
    { url = "https://files.pythonhosted.org/packages/71/07/c8c8881ff17f661aaaeec56ff03acc1fa62cf0eeea3afcd015274c3dcbce/libzim-3.7.0-cp311-cp311-manylinux_2_27_x86_64.manylinux_2_28_x86_64.whl", hash = "sha256:81adb250c95c06d5d08b0371d2c16790aeca38e25b0540a68358ab908caa39b4", size = 8328041, upload-time = "2025-04-18T12:45:41.105Z" },
    { url = "https://files.pythonhosted.org/packages/02/cd/c4cf9b87521d1aabf2bdd9927b62de1e75e245976f2421fc21d640900574/libzim-3.7.0-cp311-cp311-musllinux_1_2_aarch64.whl", hash = "sha256:4c8f3f6c2921418cff2aa971d8cdc131c7f975add3062c8a8d2ebc07fe74626c", size = 9466843, upload-time = "2025-04-18T12:45:43.155Z" },
    { url = "https://files.pythonhosted.org/packages/64/eb/5db8ea65ec87d26d906b0599cecb102039b2c73b787cd9f1a6309eccb62c/libzim-3.7.0-cp311-cp311-musllinux_1_2_x86_64.whl", hash = "sha256:c4a543263fce4dd611c92c1ecefe6aa18694b0c577d8b0a15629ff9c1910171b", size = 9698728, upload-time = "2025-04-18T12:45:45.061Z" },
    { url = "https://files.pythonhosted.org/packages/87/f3/0e046a7b1b3a5b274dd9d6bda862a0c315480451e293eed157edec85564a/libzim-3.7.0-cp311-cp311-win_amd64.whl", hash = "sha256:81811f51dd2e92d92e966f6f5c098eb9ddbf67aa2f95b68e5922f22f9386e7d0", size = 15928666, upload-time = "2025-04-18T12:45:47.559Z" },
    { url = "https://files.pythonhosted.org/packages/a7/68/75f68dda44a7a00edd5d0822f9d2b1d46a02a16e26b3f914a2a2ef353b47/libzim-3.7.0-cp312-cp312-macosx_13_0_arm64.whl", hash = "sha256:80e9fb66c54c51d0116bbba9e50c4cf7016ee84ffeb6cb54ca2faf17c67989b3", size = 6131604, upload-time = "2025-04-18T12:45:49.597Z" },
    { url = "https://files.pythonhosted.org/packages/6d/3d/05123939468aa7edde6202a2431f76ebc5acb6981772faa17458d90af69e/libzim-3.7.0-cp312-cp312-macosx_13_0_x86_64.whl", hash = "sha256:bc52551b9eaf62ee220ca2c4224627f5ee91a91b32d8ea88471bf5322899fe8a", size = 6389810, upload-time = "2025-04-18T12:45:51.124Z" },
    { url = "https://files.pythonhosted.org/packages/cb/33/44ff77794dae1dd7978df6a50921479b395cb07c93c5a92fc2e631f355ba/libzim-3.7.0-cp312-cp312-manylinux_2_24_aarch64.manylinux_2_28_aarch64.whl", hash = "sha256:76fdfe7e7e29930fd24eb304eaa7f2fd41dfa8e1883d7ab96c99f7830c6fd3fb", size = 8159723, upload-time = "2025-04-18T12:45:52.627Z" },
    { url = "https://files.pythonhosted.org/packages/ba/54/6c08eebc8b380c3ac84cfb2bdb080e83c54eba81893d4d449b44de3df247/libzim-3.7.0-cp312-cp312-manylinux_2_27_x86_64.manylinux_2_28_x86_64.whl", hash = "sha256:1359d09344daca2744b979df1594d11850a48bc9a4c94501632db7a73be20e42", size = 8300983, upload-time = "2025-04-18T12:45:54.742Z" },
    { url = "https://files.pythonhosted.org/packages/79/05/c4b436d3e2ed81fa0bcf27283ea0d57ecc5e4ecfa1313918c774bd892b75/libzim-3.7.0-cp312-cp312-musllinux_1_2_aarch64.whl", hash = "sha256:39607ed2e1b620630d1ead9084e435e829db5327192e7ed9059a7a02c24e4e48", size = 9431293, upload-time = "2025-04-18T12:45:56.847Z" },
    { url = "https://files.pythonhosted.org/packages/d8/08/ce9d2f362826e2380ed9e17c3cdc0dc64caa5e388ae6d127838e598d60a5/libzim-3.7.0-cp312-cp312-musllinux_1_2_x86_64.whl", hash = "sha256:3a879ae6685dfa6ec2008dc8b01e049ce022b59782f7e08de146e058d3e67ebf", size = 9682883, upload-time = "2025-04-18T12:45:58.746Z" },
    { url = "https://files.pythonhosted.org/packages/62/b4/4cc3d8425bc670ef8a026b83b3cd9ce6838b5856fd1d8b413d7ef5f9ab13/libzim-3.7.0-cp312-cp312-win_amd64.whl", hash = "sha256:6df0e618c066a57e2e15fa7c6da4eaec4672d527ecd97bc462563a820eba01e6", size = 15926632, upload-time = "2025-04-18T12:46:00.859Z" },
    { url = "https://files.pythonhosted.org/packages/1f/b7/c100a45e3522f8c7123bded09279cb4a6b54e561e9c92536ef546c709e0f/libzim-3.7.0-cp313-cp313-macosx_13_0_arm64.whl", hash = "sha256:1cc9a9dfe89408bc0af21da4835e313b298c38c771504fd694952cd0d268f02d", size = 6129528, upload-time = "2025-04-18T12:46:03.237Z" },
    { url = "https://files.pythonhosted.org/packages/72/f0/52ad1583d5120764b1a446bad97ca6eabd0a672dd20dc434d23d55fc20ef/libzim-3.7.0-cp313-cp313-macosx_13_0_x86_64.whl", hash = "sha256:631cc8789fa4ef959e9c52bf39bcf249567c8ec5a086161aca04d0462f2f22fd", size = 6387685, upload-time = "2025-04-18T12:46:06.546Z" },
    { url = "https://files.pythonhosted.org/packages/0d/75/ca4c67184500f8e472f826eec5d5cc5ee34b1d32e858baa9324b4b78c5ce/libzim-3.7.0-cp313-cp313-manylinux_2_24_aarch64.manylinux_2_28_aarch64.whl", hash = "sha256:6602efa322e95d1a40dbfe52f9834bb2e5d1bf1e46f5e223a50ae37ab0474e99", size = 8161040, upload-time = "2025-04-18T12:46:08.521Z" },
    { url = "https://files.pythonhosted.org/packages/7c/42/309a0a4847f7abf3ede0947383d63499df4168da2d72618a2348138fbe9b/libzim-3.7.0-cp313-cp313-manylinux_2_27_x86_64.manylinux_2_28_x86_64.whl", hash = "sha256:6abe60b6542f95f920d713ef468382942f64787adac07e9b66bc76be0b97f48b", size = 8300825, upload-time = "2025-04-18T12:46:10.075Z" },
    { url = "https://files.pythonhosted.org/packages/59/b3/eda758759f9b4f3988646e0b45bee64f5b5afb00b942a3b7999772e85750/libzim-3.7.0-cp313-cp313-musllinux_1_2_aarch64.whl", hash = "sha256:cd5a1edd0e117b8326febc28c76a678351f1169e7227e4c84526eb8837925873", size = 9429635, upload-time = "2025-04-18T12:46:11.729Z" },
    { url = "https://files.pythonhosted.org/packages/e8/66/7fd680854c20ad8494158d3ce54aae547a7a773048afee37a65584e09a56/libzim-3.7.0-cp313-cp313-musllinux_1_2_x86_64.whl", hash = "sha256:d0a45c579e9dd3b8e80d61bb7c1689c7b35e9bd44feff917ca4eac2744dd9d62", size = 9683965, upload-time = "2025-04-18T12:46:13.64Z" },
    { url = "https://files.pythonhosted.org/packages/6e/8c/3c411f9e44477fda139ddb1f302c2f511f4e77cb26d258318d6783da4817/libzim-3.7.0-cp313-cp313-win_amd64.whl", hash = "sha256:90c8fda07b5ae74d6df1dcc84735d43dbe6e0062f8e0e0d5cfbf6d1e93cece1e", size = 15925611, upload-time = "2025-04-18T12:46:16.137Z" },
]

[[package]]
name = "python-dotenv"
version = "1.1.1"
source = { registry = "https://pypi.org/simple" }
sdist = { url = "https://files.pythonhosted.org/packages/f6/b0/4bc07ccd3572a2f9df7e6782f52b0c6c90dcbb803ac4a167702d7d0dfe1e/python_dotenv-1.1.1.tar.gz", hash = "sha256:a8a6399716257f45be6a007360200409fce5cda2661e3dec71d23dc15f6189ab", size = 41978, upload-time = "2025-06-24T04:21:07.341Z" }
wheels = [
    { url = "https://files.pythonhosted.org/packages/5f/ed/539768cf28c661b5b068d66d96a2f155c4971a5d55684a514c1a0e0dec2f/python_dotenv-1.1.1-py3-none-any.whl", hash = "sha256:31f23644fe2602f88ff55e1f5c79ba497e01224ee7737937930c448e4d0e24dc", size = 20556, upload-time = "2025-06-24T04:21:06.073Z" },
]

[[package]]
name = "scp-obsidian"
version = "0.1.0"
source = { virtual = "." }
dependencies = [
    { name = "bs4" },
    { name = "dotenv" },
    { name = "libzim" },
]

[package.metadata]
requires-dist = [
    { name = "bs4", specifier = ">=0.0.2" },
    { name = "dotenv", specifier = ">=0.9.9" },
    { name = "libzim", specifier = ">=3.7.0" },
]

[[package]]
name = "soupsieve"
version = "2.8"
source = { registry = "https://pypi.org/simple" }
sdist = { url = "https://files.pythonhosted.org/packages/6d/e6/21ccce3262dd4889aa3332e5a119a3491a95e8f60939870a3a035aabac0d/soupsieve-2.8.tar.gz", hash = "sha256:e2dd4a40a628cb5f28f6d4b0db8800b8f581b65bb380b97de22ba5ca8d72572f", size = 103472, upload-time = "2025-08-27T15:39:51.78Z" }
wheels = [
    { url = "https://files.pythonhosted.org/packages/14/a0/bb38d3b76b8cae341dad93a2dd83ab7462e6dbcdd84d43f54ee60a8dc167/soupsieve-2.8-py3-none-any.whl", hash = "sha256:0cc76456a30e20f5d7f2e14a98a4ae2ee4e5abdc7c5ea0aafe795f344bc7984c", size = 36679, upload-time = "2025-08-27T15:39:50.179Z" },
]

[[package]]
name = "typing-extensions"
version = "4.15.0"
source = { registry = "https://pypi.org/simple" }
sdist = { url = "https://files.pythonhosted.org/packages/72/94/1a15dd82efb362ac84269196e94cf00f187f7ed21c242792a923cdb1c61f/typing_extensions-4.15.0.tar.gz", hash = "sha256:0cea48d173cc12fa28ecabc3b837ea3cf6f38c6d1136f85cbaaf598984861466", size = 109391, upload-time = "2025-08-25T13:49:26.313Z" }
wheels = [
    { url = "https://files.pythonhosted.org/packages/18/67/36e9267722cc04a6b9f15c7f3441c2363321a3ea07da7ae0c0707beb2a9c/typing_extensions-4.15.0-py3-none-any.whl", hash = "sha256:f0fa19c6845758ab08074a0cfa8b7aecb71c999ca73d62883bc25cc018c4e548", size = 44614, upload-time = "2025-08-25T13:49:24.86Z" },
]
